
Microsoft Visual Studio Solution File, Format Version 12.00
Project("{FAE04EC0-301F-11D3-BF4B-00C04F79EFBC}") = "Play.Catalog.Service", "Play.Catalog.Service\Play.Catalog.Service.csproj", "{8D1306FF-2B55-4033-9490-E1FFA3B653D1}"
EndProject
Project("{2150E333-8FDC-42A3-9474-1A3956D46DE8}") = "Solution Items", "Solution Items", "{D3BC3937-75E3-451F-846D-3F09B6FFD9E9}"
	ProjectSection(SolutionItems) = preProject
		docker-compose.yaml = docker-compose.yaml
	EndProjectSection
EndProject
Project("{FAE04EC0-301F-11D3-BF4B-00C04F79EFBC}") = "Play.Common", "Play.Common\Play.Common.csproj", "{4D52D3FF-2150-4390-969C-A2CDAD50C01A}"
EndProject
Project("{FAE04EC0-301F-11D3-BF4B-00C04F79EFBC}") = "Play.Inventory.Service", "Play.Inventory.Service\Play.Inventory.Service.csproj", "{97016E4F-8228-49C6-9AF4-BC51431D03B0}"
EndProject
Project("{FAE04EC0-301F-11D3-BF4B-00C04F79EFBC}") = "Play.Catalog.Contracts", "Play.Catalog.Contracts\Play.Catalog.Contracts.csproj", "{9A8DFEA2-2500-42CD-A6BE-E9DDB1E0A165}"
EndProject
Global
	GlobalSection(SolutionConfigurationPlatforms) = preSolution
		Debug|Any CPU = Debug|Any CPU
		Release|Any CPU = Release|Any CPU
	EndGlobalSection
	GlobalSection(ProjectConfigurationPlatforms) = postSolution
		{8D1306FF-2B55-4033-9490-E1FFA3B653D1}.Debug|Any CPU.ActiveCfg = Debug|Any CPU
		{8D1306FF-2B55-4033-9490-E1FFA3B653D1}.Debug|Any CPU.Build.0 = Debug|Any CPU
		{8D1306FF-2B55-4033-9490-E1FFA3B653D1}.Release|Any CPU.ActiveCfg = Release|Any CPU
		{8D1306FF-2B55-4033-9490-E1FFA3B653D1}.Release|Any CPU.Build.0 = Release|Any CPU
		{4D52D3FF-2150-4390-969C-A2CDAD50C01A}.Debug|Any CPU.ActiveCfg = Debug|Any CPU
		{4D52D3FF-2150-4390-969C-A2CDAD50C01A}.Debug|Any CPU.Build.0 = Debug|Any CPU
		{4D52D3FF-2150-4390-969C-A2CDAD50C01A}.Release|Any CPU.ActiveCfg = Release|Any CPU
		{4D52D3FF-2150-4390-969C-A2CDAD50C01A}.Release|Any CPU.Build.0 = Release|Any CPU
		{97016E4F-8228-49C6-9AF4-BC51431D03B0}.Debug|Any CPU.ActiveCfg = Debug|Any CPU
		{97016E4F-8228-49C6-9AF4-BC51431D03B0}.Debug|Any CPU.Build.0 = Debug|Any CPU
		{97016E4F-8228-49C6-9AF4-BC51431D03B0}.Release|Any CPU.ActiveCfg = Release|Any CPU
		{97016E4F-8228-49C6-9AF4-BC51431D03B0}.Release|Any CPU.Build.0 = Release|Any CPU
		{9A8DFEA2-2500-42CD-A6BE-E9DDB1E0A165}.Debug|Any CPU.ActiveCfg = Debug|Any CPU
		{9A8DFEA2-2500-42CD-A6BE-E9DDB1E0A165}.Debug|Any CPU.Build.0 = Debug|Any CPU
		{9A8DFEA2-2500-42CD-A6BE-E9DDB1E0A165}.Release|Any CPU.ActiveCfg = Release|Any CPU
		{9A8DFEA2-2500-42CD-A6BE-E9DDB1E0A165}.Release|Any CPU.Build.0 = Release|Any CPU
	EndGlobalSection
EndGlobal
